// !$*UTF8*$!
{
	archiveVersion = 1;
	classes = {
	};
	objectVersion = 46;
	objects = {

/* Begin PBXBuildFile section */
		A517320B1EA2DF0400E10AA6 /* FlickrSearcher.swift in Sources */ = {isa = PBXBuildFile; fileRef = A517320A1EA2DF0400E10AA6 /* FlickrSearcher.swift */; };
		A51732101EA9A6E500E10AA6 /* ImageCell.swift in Sources */ = {isa = PBXBuildFile; fileRef = A517320F1EA9A6E500E10AA6 /* ImageCell.swift */; };
		A5505A9E1EB8390D007BD9BA /* Photo+CoreDataClass.swift in Sources */ = {isa = PBXBuildFile; fileRef = A5505A9A1EB8390D007BD9BA /* Photo+CoreDataClass.swift */; };
		A5505A9F1EB8390D007BD9BA /* Photo+CoreDataProperties.swift in Sources */ = {isa = PBXBuildFile; fileRef = A5505A9B1EB8390D007BD9BA /* Photo+CoreDataProperties.swift */; };
		A5505AA01EB8390D007BD9BA /* Pin+CoreDataClass.swift in Sources */ = {isa = PBXBuildFile; fileRef = A5505A9C1EB8390D007BD9BA /* Pin+CoreDataClass.swift */; };
		A5505AA11EB8390D007BD9BA /* Pin+CoreDataProperties.swift in Sources */ = {isa = PBXBuildFile; fileRef = A5505A9D1EB8390D007BD9BA /* Pin+CoreDataProperties.swift */; };
		A5815DF41E988CB500259121 /* AppDelegate.swift in Sources */ = {isa = PBXBuildFile; fileRef = A5815DF31E988CB500259121 /* AppDelegate.swift */; };
		A5815DF61E988CB500259121 /* MapViewController.swift in Sources */ = {isa = PBXBuildFile; fileRef = A5815DF51E988CB500259121 /* MapViewController.swift */; };
		A5815DF91E988CB500259121 /* Main.storyboard in Resources */ = {isa = PBXBuildFile; fileRef = A5815DF71E988CB500259121 /* Main.storyboard */; };
		A5815DFB1E988CB500259121 /* Assets.xcassets in Resources */ = {isa = PBXBuildFile; fileRef = A5815DFA1E988CB500259121 /* Assets.xcassets */; };
		A5815DFE1E988CB500259121 /* LaunchScreen.storyboard in Resources */ = {isa = PBXBuildFile; fileRef = A5815DFC1E988CB500259121 /* LaunchScreen.storyboard */; };
		A5815E091E988CB500259121 /* virtualTouristTests.swift in Sources */ = {isa = PBXBuildFile; fileRef = A5815E081E988CB500259121 /* virtualTouristTests.swift */; };
		A5815E141E988CB500259121 /* virtualTouristUITests.swift in Sources */ = {isa = PBXBuildFile; fileRef = A5815E131E988CB500259121 /* virtualTouristUITests.swift */; };
		A5815E221E988CE600259121 /* constants.swift in Sources */ = {isa = PBXBuildFile; fileRef = A5815E211E988CE600259121 /* constants.swift */; };
		A5815E241E9984A800259121 /* PhotosViewController.swift in Sources */ = {isa = PBXBuildFile; fileRef = A5815E231E9984A800259121 /* PhotosViewController.swift */; };
		A5815E2B1E9AC8B900259121 /* DataModel.xcdatamodeld in Sources */ = {isa = PBXBuildFile; fileRef = A5815E291E9AC8B900259121 /* DataModel.xcdatamodeld */; };
/* End PBXBuildFile section */

/* Begin PBXContainerItemProxy section */
		A5815E051E988CB500259121 /* PBXContainerItemProxy */ = {
			isa = PBXContainerItemProxy;
			containerPortal = A5815DE81E988CB500259121 /* Project object */;
			proxyType = 1;
			remoteGlobalIDString = A5815DEF1E988CB500259121;
			remoteInfo = virtualTourist;
		};
		A5815E101E988CB500259121 /* PBXContainerItemProxy */ = {
			isa = PBXContainerItemProxy;
			containerPortal = A5815DE81E988CB500259121 /* Project object */;
			proxyType = 1;
			remoteGlobalIDString = A5815DEF1E988CB500259121;
			remoteInfo = virtualTourist;
		};
/* End PBXContainerItemProxy section */

/* Begin PBXFileReference section */
		A517320A1EA2DF0400E10AA6 /* FlickrSearcher.swift */ = {isa = PBXFileReference; fileEncoding = 4; lastKnownFileType = sourcecode.swift; path = FlickrSearcher.swift; sourceTree = "<group>"; };
		A517320F1EA9A6E500E10AA6 /* ImageCell.swift */ = {isa = PBXFileReference; fileEncoding = 4; lastKnownFileType = sourcecode.swift; path = ImageCell.swift; sourceTree = "<group>"; };
		A5505A9A1EB8390D007BD9BA /* Photo+CoreDataClass.swift */ = {isa = PBXFileReference; fileEncoding = 4; lastKnownFileType = sourcecode.swift; path = "Photo+CoreDataClass.swift"; sourceTree = "<group>"; };
		A5505A9B1EB8390D007BD9BA /* Photo+CoreDataProperties.swift */ = {isa = PBXFileReference; fileEncoding = 4; lastKnownFileType = sourcecode.swift; path = "Photo+CoreDataProperties.swift"; sourceTree = "<group>"; };
		A5505A9C1EB8390D007BD9BA /* Pin+CoreDataClass.swift */ = {isa = PBXFileReference; fileEncoding = 4; lastKnownFileType = sourcecode.swift; path = "Pin+CoreDataClass.swift"; sourceTree = "<group>"; };
		A5505A9D1EB8390D007BD9BA /* Pin+CoreDataProperties.swift */ = {isa = PBXFileReference; fileEncoding = 4; lastKnownFileType = sourcecode.swift; path = "Pin+CoreDataProperties.swift"; sourceTree = "<group>"; };
		A5815DF01E988CB500259121 /* virtualTourist.app */ = {isa = PBXFileReference; explicitFileType = wrapper.application; includeInIndex = 0; path = virtualTourist.app; sourceTree = BUILT_PRODUCTS_DIR; };
		A5815DF31E988CB500259121 /* AppDelegate.swift */ = {isa = PBXFileReference; lastKnownFileType = sourcecode.swift; path = AppDelegate.swift; sourceTree = "<group>"; };
		A5815DF51E988CB500259121 /* MapViewController.swift */ = {isa = PBXFileReference; lastKnownFileType = sourcecode.swift; path = MapViewController.swift; sourceTree = "<group>"; };
		A5815DF81E988CB500259121 /* Base */ = {isa = PBXFileReference; lastKnownFileType = file.storyboard; name = Base; path = Base.lproj/Main.storyboard; sourceTree = "<group>"; };
		A5815DFA1E988CB500259121 /* Assets.xcassets */ = {isa = PBXFileReference; lastKnownFileType = folder.assetcatalog; path = Assets.xcassets; sourceTree = "<group>"; };
		A5815DFD1E988CB500259121 /* Base */ = {isa = PBXFileReference; lastKnownFileType = file.storyboard; name = Base; path = Base.lproj/LaunchScreen.storyboard; sourceTree = "<group>"; };
		A5815DFF1E988CB500259121 /* Info.plist */ = {isa = PBXFileReference; lastKnownFileType = text.plist.xml; path = Info.plist; sourceTree = "<group>"; };
		A5815E041E988CB500259121 /* virtualTouristTests.xctest */ = {isa = PBXFileReference; explicitFileType = wrapper.cfbundle; includeInIndex = 0; path = virtualTouristTests.xctest; sourceTree = BUILT_PRODUCTS_DIR; };
		A5815E081E988CB500259121 /* virtualTouristTests.swift */ = {isa = PBXFileReference; lastKnownFileType = sourcecode.swift; path = virtualTouristTests.swift; sourceTree = "<group>"; };
		A5815E0A1E988CB500259121 /* Info.plist */ = {isa = PBXFileReference; lastKnownFileType = text.plist.xml; path = Info.plist; sourceTree = "<group>"; };
		A5815E0F1E988CB500259121 /* virtualTouristUITests.xctest */ = {isa = PBXFileReference; explicitFileType = wrapper.cfbundle; includeInIndex = 0; path = virtualTouristUITests.xctest; sourceTree = BUILT_PRODUCTS_DIR; };
		A5815E131E988CB500259121 /* virtualTouristUITests.swift */ = {isa = PBXFileReference; lastKnownFileType = sourcecode.swift; path = virtualTouristUITests.swift; sourceTree = "<group>"; };
		A5815E151E988CB500259121 /* Info.plist */ = {isa = PBXFileReference; lastKnownFileType = text.plist.xml; path = Info.plist; sourceTree = "<group>"; };
		A5815E211E988CE600259121 /* constants.swift */ = {isa = PBXFileReference; fileEncoding = 4; lastKnownFileType = sourcecode.swift; name = constants.swift; path = ../constants.swift; sourceTree = "<group>"; };
		A5815E231E9984A800259121 /* PhotosViewController.swift */ = {isa = PBXFileReference; fileEncoding = 4; lastKnownFileType = sourcecode.swift; path = PhotosViewController.swift; sourceTree = "<group>"; };
		A5815E2A1E9AC8B900259121 /* DataModel.xcdatamodel */ = {isa = PBXFileReference; lastKnownFileType = wrapper.xcdatamodel; path = DataModel.xcdatamodel; sourceTree = "<group>"; };
/* End PBXFileReference section */

/* Begin PBXFrameworksBuildPhase section */
		A5815DED1E988CB500259121 /* Frameworks */ = {
			isa = PBXFrameworksBuildPhase;
			buildActionMask = 2147483647;
			files = (
			);
			runOnlyForDeploymentPostprocessing = 0;
		};
		A5815E011E988CB500259121 /* Frameworks */ = {
			isa = PBXFrameworksBuildPhase;
			buildActionMask = 2147483647;
			files = (
			);
			runOnlyForDeploymentPostprocessing = 0;
		};
		A5815E0C1E988CB500259121 /* Frameworks */ = {
			isa = PBXFrameworksBuildPhase;
			buildActionMask = 2147483647;
			files = (
			);
			runOnlyForDeploymentPostprocessing = 0;
		};
/* End PBXFrameworksBuildPhase section */

/* Begin PBXGroup section */
		A5815DE71E988CB500259121 = {
			isa = PBXGroup;
			children = (
				A5815EB31E9EF5D900259121 /* model */,
				A5815DF21E988CB500259121 /* virtualTourist */,
				A5815E071E988CB500259121 /* virtualTouristTests */,
				A5815E121E988CB500259121 /* virtualTouristUITests */,
				A5815DF11E988CB500259121 /* Products */,
			);
			sourceTree = "<group>";
		};
		A5815DF11E988CB500259121 /* Products */ = {
			isa = PBXGroup;
			children = (
				A5815DF01E988CB500259121 /* virtualTourist.app */,
				A5815E041E988CB500259121 /* virtualTouristTests.xctest */,
				A5815E0F1E988CB500259121 /* virtualTouristUITests.xctest */,
			);
			name = Products;
			sourceTree = "<group>";
		};
		A5815DF21E988CB500259121 /* virtualTourist */ = {
			isa = PBXGroup;
			children = (
				A5815DF31E988CB500259121 /* AppDelegate.swift */,
				A5815DF51E988CB500259121 /* MapViewController.swift */,
				A5815E211E988CE600259121 /* constants.swift */,
				A5815DF71E988CB500259121 /* Main.storyboard */,
				A517320F1EA9A6E500E10AA6 /* ImageCell.swift */,
				A5815E231E9984A800259121 /* PhotosViewController.swift */,
				A517320A1EA2DF0400E10AA6 /* FlickrSearcher.swift */,
				A5815DFA1E988CB500259121 /* Assets.xcassets */,
				A5815DFC1E988CB500259121 /* LaunchScreen.storyboard */,
				A5815DFF1E988CB500259121 /* Info.plist */,
			);
			path = virtualTourist;
			sourceTree = "<group>";
		};
		A5815E071E988CB500259121 /* virtualTouristTests */ = {
			isa = PBXGroup;
			children = (
				A5815E081E988CB500259121 /* virtualTouristTests.swift */,
				A5815E0A1E988CB500259121 /* Info.plist */,
			);
			path = virtualTouristTests;
			sourceTree = "<group>";
		};
		A5815E121E988CB500259121 /* virtualTouristUITests */ = {
			isa = PBXGroup;
			children = (
				A5815E131E988CB500259121 /* virtualTouristUITests.swift */,
				A5815E151E988CB500259121 /* Info.plist */,
			);
			path = virtualTouristUITests;
			sourceTree = "<group>";
		};
		A5815EB31E9EF5D900259121 /* model */ = {
			isa = PBXGroup;
			children = (
				A5505A9A1EB8390D007BD9BA /* Photo+CoreDataClass.swift */,
				A5505A9B1EB8390D007BD9BA /* Photo+CoreDataProperties.swift */,
				A5505A9C1EB8390D007BD9BA /* Pin+CoreDataClass.swift */,
				A5505A9D1EB8390D007BD9BA /* Pin+CoreDataProperties.swift */,
				A5815E291E9AC8B900259121 /* DataModel.xcdatamodeld */,
			);
			name = model;
			sourceTree = "<group>";
		};
/* End PBXGroup section */

/* Begin PBXNativeTarget section */
		A5815DEF1E988CB500259121 /* virtualTourist */ = {
			isa = PBXNativeTarget;
			buildConfigurationList = A5815E181E988CB500259121 /* Build configuration list for PBXNativeTarget "virtualTourist" */;
			buildPhases = (
				A5815DEC1E988CB500259121 /* Sources */,
				A5815DED1E988CB500259121 /* Frameworks */,
				A5815DEE1E988CB500259121 /* Resources */,
			);
			buildRules = (
			);
			dependencies = (
			);
			name = virtualTourist;
			productName = virtualTourist;
			productReference = A5815DF01E988CB500259121 /* virtualTourist.app */;
			productType = "com.apple.product-type.application";
		};
		A5815E031E988CB500259121 /* virtualTouristTests */ = {
			isa = PBXNativeTarget;
			buildConfigurationList = A5815E1B1E988CB500259121 /* Build configuration list for PBXNativeTarget "virtualTouristTests" */;
			buildPhases = (
				A5815E001E988CB500259121 /* Sources */,
				A5815E011E988CB500259121 /* Frameworks */,
				A5815E021E988CB500259121 /* Resources */,
			);
			buildRules = (
			);
			dependencies = (
				A5815E061E988CB500259121 /* PBXTargetDependency */,
			);
			name = virtualTouristTests;
			productName = virtualTouristTests;
			productReference = A5815E041E988CB500259121 /* virtualTouristTests.xctest */;
			productType = "com.apple.product-type.bundle.unit-test";
		};
		A5815E0E1E988CB500259121 /* virtualTouristUITests */ = {
			isa = PBXNativeTarget;
			buildConfigurationList = A5815E1E1E988CB500259121 /* Build configuration list for PBXNativeTarget "virtualTouristUITests" */;
			buildPhases = (
				A5815E0B1E988CB500259121 /* Sources */,
				A5815E0C1E988CB500259121 /* Frameworks */,
				A5815E0D1E988CB500259121 /* Resources */,
			);
			buildRules = (
			);
			dependencies = (
				A5815E111E988CB500259121 /* PBXTargetDependency */,
			);
			name = virtualTouristUITests;
			productName = virtualTouristUITests;
			productReference = A5815E0F1E988CB500259121 /* virtualTouristUITests.xctest */;
			productType = "com.apple.product-type.bundle.ui-testing";
		};
/* End PBXNativeTarget section */

/* Begin PBXProject section */
		A5815DE81E988CB500259121 /* Project object */ = {
			isa = PBXProject;
			attributes = {
				LastSwiftUpdateCheck = 0800;
				LastUpgradeCheck = 0800;
				ORGANIZATIONNAME = "Yang Gao";
				TargetAttributes = {
					A5815DEF1E988CB500259121 = {
						CreatedOnToolsVersion = 8.0;
						ProvisioningStyle = Automatic;
					};
					A5815E031E988CB500259121 = {
						CreatedOnToolsVersion = 8.0;
						ProvisioningStyle = Automatic;
						TestTargetID = A5815DEF1E988CB500259121;
					};
					A5815E0E1E988CB500259121 = {
						CreatedOnToolsVersion = 8.0;
						ProvisioningStyle = Automatic;
						TestTargetID = A5815DEF1E988CB500259121;
					};
				};
			};
			buildConfigurationList = A5815DEB1E988CB500259121 /* Build configuration list for PBXProject "virtualTourist" */;
			compatibilityVersion = "Xcode 3.2";
			developmentRegion = English;
			hasScannedForEncodings = 0;
			knownRegions = (
				en,
				Base,
			);
			mainGroup = A5815DE71E988CB500259121;
			productRefGroup = A5815DF11E988CB500259121 /* Products */;
			projectDirPath = "";
			projectRoot = "";
			targets = (
				A5815DEF1E988CB500259121 /* virtualTourist */,
				A5815E031E988CB500259121 /* virtualTouristTests */,
				A5815E0E1E988CB500259121 /* virtualTouristUITests */,
			);
		};
/* End PBXProject section */

/* Begin PBXResourcesBuildPhase section */
		A5815DEE1E988CB500259121 /* Resources */ = {
			isa = PBXResourcesBuildPhase;
			buildActionMask = 2147483647;
			files = (
				A5815DFE1E988CB500259121 /* LaunchScreen.storyboard in Resources */,
				A5815DFB1E988CB500259121 /* Assets.xcassets in Resources */,
				A5815DF91E988CB500259121 /* Main.storyboard in Resources */,
			);
			runOnlyForDeploymentPostprocessing = 0;
		};
		A5815E021E988CB500259121 /* Resources */ = {
			isa = PBXResourcesBuildPhase;
			buildActionMask = 2147483647;
			files = (
			);
			runOnlyForDeploymentPostprocessing = 0;
		};
		A5815E0D1E988CB500259121 /* Resources */ = {
			isa = PBXResourcesBuildPhase;
			buildActionMask = 2147483647;
			files = (
			);
			runOnlyForDeploymentPostprocessing = 0;
		};
/* End PBXResourcesBuildPhase section */

/* Begin PBXSourcesBuildPhase section */
		A5815DEC1E988CB500259121 /* Sources */ = {
			isa = PBXSourcesBuildPhase;
			buildActionMask = 2147483647;
			files = (
				A51732101EA9A6E500E10AA6 /* ImageCell.swift in Sources */,
				A5505AA01EB8390D007BD9BA /* Pin+CoreDataClass.swift in Sources */,
				A517320B1EA2DF0400E10AA6 /* FlickrSearcher.swift in Sources */,
				A5505AA11EB8390D007BD9BA /* Pin+CoreDataProperties.swift in Sources */,
				A5505A9E1EB8390D007BD9BA /* Photo+CoreDataClass.swift in Sources */,
				A5815E241E9984A800259121 /* PhotosViewController.swift in Sources */,
				A5815E2B1E9AC8B900259121 /* DataModel.xcdatamodeld in Sources */,
				A5815DF61E988CB500259121 /* MapViewController.swift in Sources */,
				A5505A9F1EB8390D007BD9BA /* Photo+CoreDataProperties.swift in Sources */,
				A5815DF41E988CB500259121 /* AppDelegate.swift in Sources */,
				A5815E221E988CE600259121 /* constants.swift in Sources */,
			);
			runOnlyForDeploymentPostprocessing = 0;
		};
		A5815E001E988CB500259121 /* Sources */ = {
			isa = PBXSourcesBuildPhase;
			buildActionMask = 2147483647;
			files = (
				A5815E091E988CB500259121 /* virtualTouristTests.swift in Sources */,
			);
			runOnlyForDeploymentPostprocessing = 0;
		};
		A5815E0B1E988CB500259121 /* Sources */ = {
			isa = PBXSourcesBuildPhase;
			buildActionMask = 2147483647;
			files = (
				A5815E141E988CB500259121 /* virtualTouristUITests.swift in Sources */,
			);
			runOnlyForDeploymentPostprocessing = 0;
		};
/* End PBXSourcesBuildPhase section */

/* Begin PBXTargetDependency section */
		A5815E061E988CB500259121 /* PBXTargetDependency */ = {
			isa = PBXTargetDependency;
			target = A5815DEF1E988CB500259121 /* virtualTourist */;
			targetProxy = A5815E051E988CB500259121 /* PBXContainerItemProxy */;
		};
		A5815E111E988CB500259121 /* PBXTargetDependency */ = {
			isa = PBXTargetDependency;
			target = A5815DEF1E988CB500259121 /* virtualTourist */;
			targetProxy = A5815E101E988CB500259121 /* PBXContainerItemProxy */;
		};
/* End PBXTargetDependency section */

/* Begin PBXVariantGroup section */
		A5815DF71E988CB500259121 /* Main.storyboard */ = {
			isa = PBXVariantGroup;
			children = (
				A5815DF81E988CB500259121 /* Base */,
			);
			name = Main.storyboard;
			sourceTree = "<group>";
		};
		A5815DFC1E988CB500259121 /* LaunchScreen.storyboard */ = {
			isa = PBXVariantGroup;
			children = (
				A5815DFD1E988CB500259121 /* Base */,
			);
			name = LaunchScreen.storyboard;
			sourceTree = "<group>";
		};
/* End PBXVariantGroup section */

/* Begin XCBuildConfiguration section */
		A5815E161E988CB500259121 /* Debug */ = {
			isa = XCBuildConfiguration;
			buildSettings = {
				ALWAYS_SEARCH_USER_PATHS = NO;
				CLANG_ANALYZER_NONNULL = YES;
				CLANG_CXX_LANGUAGE_STANDARD = "gnu++0x";
				CLANG_CXX_LIBRARY = "libc++";
				CLANG_ENABLE_MODULES = YES;
				CLANG_ENABLE_OBJC_ARC = YES;
				CLANG_WARN_BOOL_CONVERSION = YES;
				CLANG_WARN_CONSTANT_CONVERSION = YES;
				CLANG_WARN_DIRECT_OBJC_ISA_USAGE = YES_ERROR;
				CLANG_WARN_DOCUMENTATION_COMMENTS = YES;
				CLANG_WARN_EMPTY_BODY = YES;
				CLANG_WARN_ENUM_CONVERSION = YES;
				CLANG_WARN_INFINITE_RECURSION = YES;
				CLANG_WARN_INT_CONVERSION = YES;
				CLANG_WARN_OBJC_ROOT_CLASS = YES_ERROR;
				CLANG_WARN_SUSPICIOUS_MOVES = YES;
				CLANG_WARN_UNREACHABLE_CODE = YES;
				CLANG_WARN__DUPLICATE_METHOD_MATCH = YES;
				"CODE_SIGN_IDENTITY[sdk=iphoneos*]" = "iPhone Developer";
				COPY_PHASE_STRIP = NO;
				DEBUG_INFORMATION_FORMAT = dwarf;
				ENABLE_STRICT_OBJC_MSGSEND = YES;
				ENABLE_TESTABILITY = YES;
				GCC_C_LANGUAGE_STANDARD = gnu99;
				GCC_DYNAMIC_NO_PIC = NO;
				GCC_NO_COMMON_BLOCKS = YES;
				GCC_OPTIMIZATION_LEVEL = 0;
				GCC_PREPROCESSOR_DEFINITIONS = (
					"DEBUG=1",
					"$(inherited)",
				);
				GCC_WARN_64_TO_32_BIT_CONVERSION = YES;
				GCC_WARN_ABOUT_RETURN_TYPE = YES_ERROR;
				GCC_WARN_UNDECLARED_SELECTOR = YES;
				GCC_WARN_UNINITIALIZED_AUTOS = YES_AGGRESSIVE;
				GCC_WARN_UNUSED_FUNCTION = YES;
				GCC_WARN_UNUSED_VARIABLE = YES;
				IPHONEOS_DEPLOYMENT_TARGET = 10.0;
				MTL_ENABLE_DEBUG_INFO = YES;
				ONLY_ACTIVE_ARCH = YES;
				SDKROOT = iphoneos;
				SWIFT_ACTIVE_COMPILATION_CONDITIONS = DEBUG;
				SWIFT_OPTIMIZATION_LEVEL = "-Onone";
			};
			name = Debug;
		};
		A5815E171E988CB500259121 /* Release */ = {
			isa = XCBuildConfiguration;
			buildSettings = {
				ALWAYS_SEARCH_USER_PATHS = NO;
				CLANG_ANALYZER_NONNULL = YES;
				CLANG_CXX_LANGUAGE_STANDARD = "gnu++0x";
				CLANG_CXX_LIBRARY = "libc++";
				CLANG_ENABLE_MODULES = YES;
				CLANG_ENABLE_OBJC_ARC = YES;
				CLANG_WARN_BOOL_CONVERSION = YES;
				CLANG_WARN_CONSTANT_CONVERSION = YES;
				CLANG_WARN_DIRECT_OBJC_ISA_USAGE = YES_ERROR;
				CLANG_WARN_DOCUMENTATION_COMMENTS = YES;
				CLANG_WARN_EMPTY_BODY = YES;
				CLANG_WARN_ENUM_CONVERSION = YES;
				CLANG_WARN_INFINITE_RECURSION = YES;
				CLANG_WARN_INT_CONVERSION = YES;
				CLANG_WARN_OBJC_ROOT_CLASS = YES_ERROR;
				CLANG_WARN_SUSPICIOUS_MOVES = YES;
				CLANG_WARN_UNREACHABLE_CODE = YES;
				CLANG_WARN__DUPLICATE_METHOD_MATCH = YES;
				"CODE_SIGN_IDENTITY[sdk=iphoneos*]" = "iPhone Developer";
				COPY_PHASE_STRIP = NO;
				DEBUG_INFORMATION_FORMAT = "dwarf-with-dsym";
				ENABLE_NS_ASSERTIONS = NO;
				ENABLE_STRICT_OBJC_MSGSEND = YES;
				GCC_C_LANGUAGE_STANDARD = gnu99;
				GCC_NO_COMMON_BLOCKS = YES;
				GCC_WARN_64_TO_32_BIT_CONVERSION = YES;
				GCC_WARN_ABOUT_RETURN_TYPE = YES_ERROR;
				GCC_WARN_UNDECLARED_SELECTOR = YES;
				GCC_WARN_UNINITIALIZED_AUTOS = YES_AGGRESSIVE;
				GCC_WARN_UNUSED_FUNCTION = YES;
				GCC_WARN_UNUSED_VARIABLE = YES;
				IPHONEOS_DEPLOYMENT_TARGET = 10.0;
				MTL_ENABLE_DEBUG_INFO = NO;
				SDKROOT = iphoneos;
				SWIFT_OPTIMIZATION_LEVEL = "-Owholemodule";
				VALIDATE_PRODUCT = YES;
			};
			name = Release;
		};
		A5815E191E988CB500259121 /* Debug */ = {
			isa = XCBuildConfiguration;
			buildSettings = {
				ASSETCATALOG_COMPILER_APPICON_NAME = AppIcon;
				INFOPLIST_FILE = virtualTourist/Info.plist;
				LD_RUNPATH_SEARCH_PATHS = "$(inherited) @executable_path/Frameworks";
				PRODUCT_BUNDLE_IDENTIFIER = edu.nyu.yg468.virtualTourist;
				PRODUCT_NAME = "$(TARGET_NAME)";
				SWIFT_VERSION = 3.0;
			};
			name = Debug;
		};
		A5815E1A1E988CB500259121 /* Release */ = {
			isa = XCBuildConfiguration;
			buildSettings = {
				ASSETCATALOG_COMPILER_APPICON_NAME = AppIcon;
				INFOPLIST_FILE = virtualTourist/Info.plist;
				LD_RUNPATH_SEARCH_PATHS = "$(inherited) @executable_path/Frameworks";
				PRODUCT_BUNDLE_IDENTIFIER = edu.nyu.yg468.virtualTourist;
				PRODUCT_NAME = "$(TARGET_NAME)";
				SWIFT_VERSION = 3.0;
			};
			name = Release;
		};
		A5815E1C1E988CB500259121 /* Debug */ = {
			isa = XCBuildConfiguration;
			buildSettings = {
				ALWAYS_EMBED_SWIFT_STANDARD_LIBRARIES = YES;
				BUNDLE_LOADER = "$(TEST_HOST)";
				INFOPLIST_FILE = virtualTouristTests/Info.plist;
				LD_RUNPATH_SEARCH_PATHS = "$(inherited) @executable_path/Frameworks @loader_path/Frameworks";
				PRODUCT_BUNDLE_IDENTIFIER = edu.nyu.yg468.virtualTouristTests;
				PRODUCT_NAME = "$(TARGET_NAME)";
				SWIFT_VERSION = 3.0;
				TEST_HOST = "$(BUILT_PRODUCTS_DIR)/virtualTourist.app/virtualTourist";
			};
			name = Debug;
		};
		A5815E1D1E988CB500259121 /* Release */ = {
			isa = XCBuildConfiguration;
			buildSettings = {
				ALWAYS_EMBED_SWIFT_STANDARD_LIBRARIES = YES;
				BUNDLE_LOADER = "$(TEST_HOST)";
				INFOPLIST_FILE = virtualTouristTests/Info.plist;
				LD_RUNPATH_SEARCH_PATHS = "$(inherited) @executable_path/Frameworks @loader_path/Frameworks";
				PRODUCT_BUNDLE_IDENTIFIER = edu.nyu.yg468.virtualTouristTests;
				PRODUCT_NAME = "$(TARGET_NAME)";
				SWIFT_VERSION = 3.0;
				TEST_HOST = "$(BUILT_PRODUCTS_DIR)/virtualTourist.app/virtualTourist";
			};
			name = Release;
		};
		A5815E1F1E988CB500259121 /* Debug */ = {
			isa = XCBuildConfiguration;
			buildSettings = {
				ALWAYS_EMBED_SWIFT_STANDARD_LIBRARIES = YES;
				INFOPLIST_FILE = virtualTouristUITests/Info.plist;
				LD_RUNPATH_SEARCH_PATHS = "$(inherited) @executable_path/Frameworks @loader_path/Frameworks";
				PRODUCT_BUNDLE_IDENTIFIER = edu.nyu.yg468.virtualTouristUITests;
				PRODUCT_NAME = "$(TARGET_NAME)";
				SWIFT_VERSION = 3.0;
				TEST_TARGET_NAME = virtualTourist;
			};
			name = Debug;
		};
		A5815E201E988CB500259121 /* Release */ = {
			isa = XCBuildConfiguration;
			buildSettings = {
				ALWAYS_EMBED_SWIFT_STANDARD_LIBRARIES = YES;
				INFOPLIST_FILE = virtualTouristUITests/Info.plist;
				LD_RUNPATH_SEARCH_PATHS = "$(inherited) @executable_path/Frameworks @loader_path/Frameworks";
				PRODUCT_BUNDLE_IDENTIFIER = edu.nyu.yg468.virtualTouristUITests;
				PRODUCT_NAME = "$(TARGET_NAME)";
				SWIFT_VERSION = 3.0;
				TEST_TARGET_NAME = virtualTourist;
			};
			name = Release;
		};
/* End XCBuildConfiguration section */

/* Begin XCConfigurationList section */
		A5815DEB1E988CB500259121 /* Build configuration list for PBXProject "virtualTourist" */ = {
			isa = XCConfigurationList;
			buildConfigurations = (
				A5815E161E988CB500259121 /* Debug */,
				A5815E171E988CB500259121 /* Release */,
			);
			defaultConfigurationIsVisible = 0;
			defaultConfigurationName = Release;
		};
		A5815E181E988CB500259121 /* Build configuration list for PBXNativeTarget "virtualTourist" */ = {
			isa = XCConfigurationList;
			buildConfigurations = (
				A5815E191E988CB500259121 /* Debug */,
				A5815E1A1E988CB500259121 /* Release */,
			);
			defaultConfigurationIsVisible = 0;
			defaultConfigurationName = Release;
		};
		A5815E1B1E988CB500259121 /* Build configuration list for PBXNativeTarget "virtualTouristTests" */ = {
			isa = XCConfigurationList;
			buildConfigurations = (
				A5815E1C1E988CB500259121 /* Debug */,
				A5815E1D1E988CB500259121 /* Release */,
			);
			defaultConfigurationIsVisible = 0;
			defaultConfigurationName = Release;
		};
		A5815E1E1E988CB500259121 /* Build configuration list for PBXNativeTarget "virtualTouristUITests" */ = {
			isa = XCConfigurationList;
			buildConfigurations = (
				A5815E1F1E988CB500259121 /* Debug */,
				A5815E201E988CB500259121 /* Release */,
			);
			defaultConfigurationIsVisible = 0;
			defaultConfigurationName = Release;
		};
/* End XCConfigurationList section */

/* Begin XCVersionGroup section */
		A5815E291E9AC8B900259121 /* DataModel.xcdatamodeld */ = {
			isa = XCVersionGroup;
			children = (
				A5815E2A1E9AC8B900259121 /* DataModel.xcdatamodel */,
			);
			currentVersion = A5815E2A1E9AC8B900259121 /* DataModel.xcdatamodel */;
			name = DataModel.xcdatamodeld;
			path = virtualTourist/DataModel.xcdatamodeld;
			sourceTree = "<group>";
			versionGroupType = wrapper.xcdatamodel;
		};
/* End XCVersionGroup section */
	};
	rootObject = A5815DE81E988CB500259121 /* Project object */;
}
